// !$*UTF8*$!
{
	archiveVersion = 1;
	classes = {
	};
	objectVersion = 48;
	objects = {

/* Begin PBXBuildFile section */
		38C432DB08E4A71FDF8689F9 /* Pods_magpali_skip_vanhack.framework in Frameworks */ = {isa = PBXBuildFile; fileRef = C295F4F7D00BC4F9DFCFB246 /* Pods_magpali_skip_vanhack.framework */; };
		5F7309B9205E98FB0090869E /* AppDelegate.swift in Sources */ = {isa = PBXBuildFile; fileRef = 5F7309B8205E98FB0090869E /* AppDelegate.swift */; };
		5F7309C1205E98FB0090869E /* magpali_skip_vanhack.xcdatamodeld in Sources */ = {isa = PBXBuildFile; fileRef = 5F7309BF205E98FB0090869E /* magpali_skip_vanhack.xcdatamodeld */; };
		5F7309C3205E98FB0090869E /* Assets.xcassets in Resources */ = {isa = PBXBuildFile; fileRef = 5F7309C2205E98FB0090869E /* Assets.xcassets */; };
		5F7309C6205E98FB0090869E /* LaunchScreen.storyboard in Resources */ = {isa = PBXBuildFile; fileRef = 5F7309C4205E98FB0090869E /* LaunchScreen.storyboard */; };
		5F7A61E5205EC96E00E2F21F /* Store.swift in Sources */ = {isa = PBXBuildFile; fileRef = 5F7A61E4205EC96E00E2F21F /* Store.swift */; };
		5F7A61E8205ECCDD00E2F21F /* ListStoresViewModel.swift in Sources */ = {isa = PBXBuildFile; fileRef = 5F7A61E7205ECCDD00E2F21F /* ListStoresViewModel.swift */; };
		5F7A61EB205ECD0600E2F21F /* BaseViewModel.swift in Sources */ = {isa = PBXBuildFile; fileRef = 5F7A61EA205ECD0600E2F21F /* BaseViewModel.swift */; };
		5F7A61ED205ED81100E2F21F /* ListStoresViewController.swift in Sources */ = {isa = PBXBuildFile; fileRef = 5F7A61EC205ED81100E2F21F /* ListStoresViewController.swift */; };
		5F7A61F1205ED88B00E2F21F /* StoreTableViewCell.swift in Sources */ = {isa = PBXBuildFile; fileRef = 5F7A61EF205ED88B00E2F21F /* StoreTableViewCell.swift */; };
		5F7A61F2205ED88B00E2F21F /* StoreTableViewCell.xib in Resources */ = {isa = PBXBuildFile; fileRef = 5F7A61F0205ED88B00E2F21F /* StoreTableViewCell.xib */; };
		5F7A61F5205EE13D00E2F21F /* Product.swift in Sources */ = {isa = PBXBuildFile; fileRef = 5F7A61F4205EE13D00E2F21F /* Product.swift */; };
		5F7A61F7205EE2B700E2F21F /* ListProductsViewModel.swift in Sources */ = {isa = PBXBuildFile; fileRef = 5F7A61F6205EE2B700E2F21F /* ListProductsViewModel.swift */; };
		5F7A61F9205EE4CB00E2F21F /* ListProductsViewController.swift in Sources */ = {isa = PBXBuildFile; fileRef = 5F7A61F8205EE4CB00E2F21F /* ListProductsViewController.swift */; };
		5F7A61FD205EE61500E2F21F /* ProductsTableViewCell.swift in Sources */ = {isa = PBXBuildFile; fileRef = 5F7A61FB205EE61500E2F21F /* ProductsTableViewCell.swift */; };
		5F7A61FE205EE61500E2F21F /* ProductsTableViewCell.xib in Resources */ = {isa = PBXBuildFile; fileRef = 5F7A61FC205EE61500E2F21F /* ProductsTableViewCell.xib */; };
		5F7A6201205EEB6500E2F21F /* Colors.swift in Sources */ = {isa = PBXBuildFile; fileRef = 5F7A6200205EEB6500E2F21F /* Colors.swift */; };
		5F7A6203205EEC8900E2F21F /* ValueFormat.swift in Sources */ = {isa = PBXBuildFile; fileRef = 5F7A6202205EEC8900E2F21F /* ValueFormat.swift */; };
		5F925F23205E9E89009BFBAC /* DefaultTarget.swift in Sources */ = {isa = PBXBuildFile; fileRef = 5F925F22205E9E89009BFBAC /* DefaultTarget.swift */; };
		5F925F25205EA062009BFBAC /* APIClient.swift in Sources */ = {isa = PBXBuildFile; fileRef = 5F925F24205EA062009BFBAC /* APIClient.swift */; };
		5F925F28205EA100009BFBAC /* Cousine.swift in Sources */ = {isa = PBXBuildFile; fileRef = 5F925F27205EA100009BFBAC /* Cousine.swift */; };
		5F925F2B205EA2D2009BFBAC /* ListCousineViewController.swift in Sources */ = {isa = PBXBuildFile; fileRef = 5F925F2A205EA2D2009BFBAC /* ListCousineViewController.swift */; };
		5F925F2E205EA8FD009BFBAC /* ListCousineViewModel.swift in Sources */ = {isa = PBXBuildFile; fileRef = 5F925F2D205EA8FD009BFBAC /* ListCousineViewModel.swift */; };
		5F925F34205EAD50009BFBAC /* CousineTableViewCell.swift in Sources */ = {isa = PBXBuildFile; fileRef = 5F925F32205EAD50009BFBAC /* CousineTableViewCell.swift */; };
		5F925F35205EAD50009BFBAC /* CousineTableViewCell.xib in Resources */ = {isa = PBXBuildFile; fileRef = 5F925F33205EAD50009BFBAC /* CousineTableViewCell.xib */; };
		5F925F38205EAF0E009BFBAC /* R.generated.swift in Sources */ = {isa = PBXBuildFile; fileRef = 5F925F37205EAF0E009BFBAC /* R.generated.swift */; };
/* End PBXBuildFile section */

/* Begin PBXFileReference section */
		5762E0ED714A9B5B06D85C5F /* Pods-magpali-skip-vanhack.release.xcconfig */ = {isa = PBXFileReference; includeInIndex = 1; lastKnownFileType = text.xcconfig; name = "Pods-magpali-skip-vanhack.release.xcconfig"; path = "Pods/Target Support Files/Pods-magpali-skip-vanhack/Pods-magpali-skip-vanhack.release.xcconfig"; sourceTree = "<group>"; };
		5F7309B5205E98FB0090869E /* magpali-skip-vanhack.app */ = {isa = PBXFileReference; explicitFileType = wrapper.application; includeInIndex = 0; path = "magpali-skip-vanhack.app"; sourceTree = BUILT_PRODUCTS_DIR; };
		5F7309B8205E98FB0090869E /* AppDelegate.swift */ = {isa = PBXFileReference; lastKnownFileType = sourcecode.swift; path = AppDelegate.swift; sourceTree = "<group>"; };
		5F7309C0205E98FB0090869E /* magpali_skip_vanhack.xcdatamodel */ = {isa = PBXFileReference; lastKnownFileType = wrapper.xcdatamodel; path = magpali_skip_vanhack.xcdatamodel; sourceTree = "<group>"; };
		5F7309C2205E98FB0090869E /* Assets.xcassets */ = {isa = PBXFileReference; lastKnownFileType = folder.assetcatalog; path = Assets.xcassets; sourceTree = "<group>"; };
		5F7309C5205E98FB0090869E /* Base */ = {isa = PBXFileReference; lastKnownFileType = file.storyboard; name = Base; path = Base.lproj/LaunchScreen.storyboard; sourceTree = "<group>"; };
		5F7309C7205E98FB0090869E /* Info.plist */ = {isa = PBXFileReference; lastKnownFileType = text.plist.xml; path = Info.plist; sourceTree = "<group>"; };
		5F7A61E4205EC96E00E2F21F /* Store.swift */ = {isa = PBXFileReference; lastKnownFileType = sourcecode.swift; path = Store.swift; sourceTree = "<group>"; };
		5F7A61E7205ECCDD00E2F21F /* ListStoresViewModel.swift */ = {isa = PBXFileReference; lastKnownFileType = sourcecode.swift; path = ListStoresViewModel.swift; sourceTree = "<group>"; };
		5F7A61EA205ECD0600E2F21F /* BaseViewModel.swift */ = {isa = PBXFileReference; lastKnownFileType = sourcecode.swift; path = BaseViewModel.swift; sourceTree = "<group>"; };
		5F7A61EC205ED81100E2F21F /* ListStoresViewController.swift */ = {isa = PBXFileReference; lastKnownFileType = sourcecode.swift; path = ListStoresViewController.swift; sourceTree = "<group>"; };
		5F7A61EF205ED88B00E2F21F /* StoreTableViewCell.swift */ = {isa = PBXFileReference; lastKnownFileType = sourcecode.swift; path = StoreTableViewCell.swift; sourceTree = "<group>"; };
		5F7A61F0205ED88B00E2F21F /* StoreTableViewCell.xib */ = {isa = PBXFileReference; lastKnownFileType = file.xib; path = StoreTableViewCell.xib; sourceTree = "<group>"; };
		5F7A61F4205EE13D00E2F21F /* Product.swift */ = {isa = PBXFileReference; lastKnownFileType = sourcecode.swift; path = Product.swift; sourceTree = "<group>"; };
		5F7A61F6205EE2B700E2F21F /* ListProductsViewModel.swift */ = {isa = PBXFileReference; lastKnownFileType = sourcecode.swift; path = ListProductsViewModel.swift; sourceTree = "<group>"; };
		5F7A61F8205EE4CB00E2F21F /* ListProductsViewController.swift */ = {isa = PBXFileReference; lastKnownFileType = sourcecode.swift; path = ListProductsViewController.swift; sourceTree = "<group>"; };
		5F7A61FB205EE61500E2F21F /* ProductsTableViewCell.swift */ = {isa = PBXFileReference; lastKnownFileType = sourcecode.swift; path = ProductsTableViewCell.swift; sourceTree = "<group>"; };
		5F7A61FC205EE61500E2F21F /* ProductsTableViewCell.xib */ = {isa = PBXFileReference; lastKnownFileType = file.xib; path = ProductsTableViewCell.xib; sourceTree = "<group>"; };
		5F7A6200205EEB6500E2F21F /* Colors.swift */ = {isa = PBXFileReference; lastKnownFileType = sourcecode.swift; path = Colors.swift; sourceTree = "<group>"; };
		5F7A6202205EEC8900E2F21F /* ValueFormat.swift */ = {isa = PBXFileReference; lastKnownFileType = sourcecode.swift; path = ValueFormat.swift; sourceTree = "<group>"; };
		5F925F22205E9E89009BFBAC /* DefaultTarget.swift */ = {isa = PBXFileReference; lastKnownFileType = sourcecode.swift; path = DefaultTarget.swift; sourceTree = "<group>"; };
		5F925F24205EA062009BFBAC /* APIClient.swift */ = {isa = PBXFileReference; lastKnownFileType = sourcecode.swift; path = APIClient.swift; sourceTree = "<group>"; };
		5F925F27205EA100009BFBAC /* Cousine.swift */ = {isa = PBXFileReference; lastKnownFileType = sourcecode.swift; path = Cousine.swift; sourceTree = "<group>"; };
		5F925F2A205EA2D2009BFBAC /* ListCousineViewController.swift */ = {isa = PBXFileReference; lastKnownFileType = sourcecode.swift; path = ListCousineViewController.swift; sourceTree = "<group>"; };
		5F925F2D205EA8FD009BFBAC /* ListCousineViewModel.swift */ = {isa = PBXFileReference; lastKnownFileType = sourcecode.swift; path = ListCousineViewModel.swift; sourceTree = "<group>"; };
		5F925F32205EAD50009BFBAC /* CousineTableViewCell.swift */ = {isa = PBXFileReference; lastKnownFileType = sourcecode.swift; path = CousineTableViewCell.swift; sourceTree = "<group>"; };
		5F925F33205EAD50009BFBAC /* CousineTableViewCell.xib */ = {isa = PBXFileReference; lastKnownFileType = file.xib; path = CousineTableViewCell.xib; sourceTree = "<group>"; };
		5F925F37205EAF0E009BFBAC /* R.generated.swift */ = {isa = PBXFileReference; fileEncoding = 4; lastKnownFileType = sourcecode.swift; path = R.generated.swift; sourceTree = SOURCE_ROOT; };
		889274647A87BC63C004AD7C /* Pods-magpali-skip-vanhack.debug.xcconfig */ = {isa = PBXFileReference; includeInIndex = 1; lastKnownFileType = text.xcconfig; name = "Pods-magpali-skip-vanhack.debug.xcconfig"; path = "Pods/Target Support Files/Pods-magpali-skip-vanhack/Pods-magpali-skip-vanhack.debug.xcconfig"; sourceTree = "<group>"; };
		C295F4F7D00BC4F9DFCFB246 /* Pods_magpali_skip_vanhack.framework */ = {isa = PBXFileReference; explicitFileType = wrapper.framework; includeInIndex = 0; path = Pods_magpali_skip_vanhack.framework; sourceTree = BUILT_PRODUCTS_DIR; };
/* End PBXFileReference section */

/* Begin PBXFrameworksBuildPhase section */
		5F7309B2205E98FB0090869E /* Frameworks */ = {
			isa = PBXFrameworksBuildPhase;
			buildActionMask = 2147483647;
			files = (
				38C432DB08E4A71FDF8689F9 /* Pods_magpali_skip_vanhack.framework in Frameworks */,
			);
			runOnlyForDeploymentPostprocessing = 0;
		};
/* End PBXFrameworksBuildPhase section */

/* Begin PBXGroup section */
		5F7309AC205E98FB0090869E = {
			isa = PBXGroup;
			children = (
				5F7309B7205E98FB0090869E /* magpali-skip-vanhack */,
				5F7309B6205E98FB0090869E /* Products */,
				879230AE1086A999DBDB521C /* Pods */,
				FF213E2C27CD8F390E18153F /* Frameworks */,
			);
			sourceTree = "<group>";
		};
		5F7309B6205E98FB0090869E /* Products */ = {
			isa = PBXGroup;
			children = (
				5F7309B5205E98FB0090869E /* magpali-skip-vanhack.app */,
			);
			name = Products;
			sourceTree = "<group>";
		};
		5F7309B7205E98FB0090869E /* magpali-skip-vanhack */ = {
			isa = PBXGroup;
			children = (
				5F7A61FF205EEB4F00E2F21F /* Helper */,
				5F7A61E9205ECCF100E2F21F /* Base */,
				5F7A61F3205EE11F00E2F21F /* Product */,
				5F7A61E6205ECCC300E2F21F /* Store */,
				5F925F2C205EA8B9009BFBAC /* Cousine */,
				5F925F26205EA0F3009BFBAC /* Model */,
				5F925F21205E9E66009BFBAC /* API */,
				5F7309B8205E98FB0090869E /* AppDelegate.swift */,
				5F925F37205EAF0E009BFBAC /* R.generated.swift */,
				5F7309C2205E98FB0090869E /* Assets.xcassets */,
				5F7309C4205E98FB0090869E /* LaunchScreen.storyboard */,
				5F7309C7205E98FB0090869E /* Info.plist */,
				5F7309BF205E98FB0090869E /* magpali_skip_vanhack.xcdatamodeld */,
			);
			path = "magpali-skip-vanhack";
			sourceTree = "<group>";
		};
		5F7A61E6205ECCC300E2F21F /* Store */ = {
			isa = PBXGroup;
			children = (
				5F7A61EE205ED86100E2F21F /* Views */,
				5F7A61E7205ECCDD00E2F21F /* ListStoresViewModel.swift */,
				5F7A61EC205ED81100E2F21F /* ListStoresViewController.swift */,
			);
			path = Store;
			sourceTree = "<group>";
		};
		5F7A61E9205ECCF100E2F21F /* Base */ = {
			isa = PBXGroup;
			children = (
				5F7A61EA205ECD0600E2F21F /* BaseViewModel.swift */,
			);
			path = Base;
			sourceTree = "<group>";
		};
		5F7A61EE205ED86100E2F21F /* Views */ = {
			isa = PBXGroup;
			children = (
				5F7A61EF205ED88B00E2F21F /* StoreTableViewCell.swift */,
				5F7A61F0205ED88B00E2F21F /* StoreTableViewCell.xib */,
			);
			path = Views;
			sourceTree = "<group>";
		};
		5F7A61F3205EE11F00E2F21F /* Product */ = {
			isa = PBXGroup;
			children = (
				5F7A61FA205EE60200E2F21F /* Views */,
				5F7A61F6205EE2B700E2F21F /* ListProductsViewModel.swift */,
				5F7A61F8205EE4CB00E2F21F /* ListProductsViewController.swift */,
			);
			path = Product;
			sourceTree = "<group>";
		};
		5F7A61FA205EE60200E2F21F /* Views */ = {
			isa = PBXGroup;
			children = (
				5F7A61FB205EE61500E2F21F /* ProductsTableViewCell.swift */,
				5F7A61FC205EE61500E2F21F /* ProductsTableViewCell.xib */,
			);
			path = Views;
			sourceTree = "<group>";
		};
		5F7A61FF205EEB4F00E2F21F /* Helper */ = {
			isa = PBXGroup;
			children = (
				5F7A6200205EEB6500E2F21F /* Colors.swift */,
				5F7A6202205EEC8900E2F21F /* ValueFormat.swift */,
			);
			path = Helper;
			sourceTree = "<group>";
		};
		5F925F21205E9E66009BFBAC /* API */ = {
			isa = PBXGroup;
			children = (
				5F925F22205E9E89009BFBAC /* DefaultTarget.swift */,
				5F925F24205EA062009BFBAC /* APIClient.swift */,
			);
			path = API;
			sourceTree = "<group>";
		};
		5F925F26205EA0F3009BFBAC /* Model */ = {
			isa = PBXGroup;
			children = (
				5F925F27205EA100009BFBAC /* Cousine.swift */,
				5F7A61E4205EC96E00E2F21F /* Store.swift */,
				5F7A61F4205EE13D00E2F21F /* Product.swift */,
			);
			path = Model;
			sourceTree = "<group>";
		};
		5F925F2C205EA8B9009BFBAC /* Cousine */ = {
			isa = PBXGroup;
			children = (
				5F925F2F205EAC21009BFBAC /* Views */,
				5F925F2D205EA8FD009BFBAC /* ListCousineViewModel.swift */,
				5F925F2A205EA2D2009BFBAC /* ListCousineViewController.swift */,
			);
			path = Cousine;
			sourceTree = "<group>";
		};
		5F925F2F205EAC21009BFBAC /* Views */ = {
			isa = PBXGroup;
			children = (
				5F925F32205EAD50009BFBAC /* CousineTableViewCell.swift */,
				5F925F33205EAD50009BFBAC /* CousineTableViewCell.xib */,
			);
			path = Views;
			sourceTree = "<group>";
		};
		879230AE1086A999DBDB521C /* Pods */ = {
			isa = PBXGroup;
			children = (
				889274647A87BC63C004AD7C /* Pods-magpali-skip-vanhack.debug.xcconfig */,
				5762E0ED714A9B5B06D85C5F /* Pods-magpali-skip-vanhack.release.xcconfig */,
			);
			name = Pods;
			sourceTree = "<group>";
		};
		FF213E2C27CD8F390E18153F /* Frameworks */ = {
			isa = PBXGroup;
			children = (
				C295F4F7D00BC4F9DFCFB246 /* Pods_magpali_skip_vanhack.framework */,
			);
			name = Frameworks;
			sourceTree = "<group>";
		};
/* End PBXGroup section */

/* Begin PBXNativeTarget section */
		5F7309B4205E98FB0090869E /* magpali-skip-vanhack */ = {
			isa = PBXNativeTarget;
			buildConfigurationList = 5F7309CA205E98FB0090869E /* Build configuration list for PBXNativeTarget "magpali-skip-vanhack" */;
			buildPhases = (
				8FC648D7C92D7A18EA5E02BC /* [CP] Check Pods Manifest.lock */,
				5F925F36205EAEBC009BFBAC /* R.swift Generate */,
				5F7309B1205E98FB0090869E /* Sources */,
				5F7309B2205E98FB0090869E /* Frameworks */,
				5F7309B3205E98FB0090869E /* Resources */,
				92E1AB5E588197C2E2AE8782 /* [CP] Embed Pods Frameworks */,
				23DD4C033A1B628C1FF6E4B1 /* [CP] Copy Pods Resources */,
			);
			buildRules = (
			);
			dependencies = (
			);
			name = "magpali-skip-vanhack";
			productName = "magpali-skip-vanhack";
			productReference = 5F7309B5205E98FB0090869E /* magpali-skip-vanhack.app */;
			productType = "com.apple.product-type.application";
		};
/* End PBXNativeTarget section */

/* Begin PBXProject section */
		5F7309AD205E98FB0090869E /* Project object */ = {
			isa = PBXProject;
			attributes = {
				LastSwiftUpdateCheck = 0920;
				LastUpgradeCheck = 0920;
				ORGANIZATIONNAME = magpali;
				TargetAttributes = {
					5F7309B4205E98FB0090869E = {
						CreatedOnToolsVersion = 9.2;
						ProvisioningStyle = Automatic;
					};
				};
			};
			buildConfigurationList = 5F7309B0205E98FB0090869E /* Build configuration list for PBXProject "magpali-skip-vanhack" */;
			compatibilityVersion = "Xcode 8.0";
			developmentRegion = en;
			hasScannedForEncodings = 0;
			knownRegions = (
				en,
				Base,
			);
			mainGroup = 5F7309AC205E98FB0090869E;
			productRefGroup = 5F7309B6205E98FB0090869E /* Products */;
			projectDirPath = "";
			projectRoot = "";
			targets = (
				5F7309B4205E98FB0090869E /* magpali-skip-vanhack */,
			);
		};
/* End PBXProject section */

/* Begin PBXResourcesBuildPhase section */
		5F7309B3205E98FB0090869E /* Resources */ = {
			isa = PBXResourcesBuildPhase;
			buildActionMask = 2147483647;
			files = (
				5F925F35205EAD50009BFBAC /* CousineTableViewCell.xib in Resources */,
				5F7309C6205E98FB0090869E /* LaunchScreen.storyboard in Resources */,
				5F7A61FE205EE61500E2F21F /* ProductsTableViewCell.xib in Resources */,
				5F7309C3205E98FB0090869E /* Assets.xcassets in Resources */,
				5F7A61F2205ED88B00E2F21F /* StoreTableViewCell.xib in Resources */,
			);
			runOnlyForDeploymentPostprocessing = 0;
		};
/* End PBXResourcesBuildPhase section */

/* Begin PBXShellScriptBuildPhase section */
		23DD4C033A1B628C1FF6E4B1 /* [CP] Copy Pods Resources */ = {
			isa = PBXShellScriptBuildPhase;
			buildActionMask = 2147483647;
			files = (
			);
			inputPaths = (
			);
			name = "[CP] Copy Pods Resources";
			outputPaths = (
			);
			runOnlyForDeploymentPostprocessing = 0;
			shellPath = /bin/sh;
			shellScript = "\"${SRCROOT}/Pods/Target Support Files/Pods-magpali-skip-vanhack/Pods-magpali-skip-vanhack-resources.sh\"\n";
			showEnvVarsInLog = 0;
		};
		5F925F36205EAEBC009BFBAC /* R.swift Generate */ = {
			isa = PBXShellScriptBuildPhase;
			buildActionMask = 2147483647;
			files = (
			);
			inputPaths = (
			);
			name = "R.swift Generate";
			outputPaths = (
			);
			runOnlyForDeploymentPostprocessing = 0;
			shellPath = /bin/sh;
			shellScript = "\"$PODS_ROOT/R.swift/rswift\" generate \"$SRCROOT\"";
		};
		8FC648D7C92D7A18EA5E02BC /* [CP] Check Pods Manifest.lock */ = {
			isa = PBXShellScriptBuildPhase;
			buildActionMask = 2147483647;
			files = (
			);
			inputPaths = (
				"${PODS_PODFILE_DIR_PATH}/Podfile.lock",
				"${PODS_ROOT}/Manifest.lock",
			);
			name = "[CP] Check Pods Manifest.lock";
			outputPaths = (
				"$(DERIVED_FILE_DIR)/Pods-magpali-skip-vanhack-checkManifestLockResult.txt",
			);
			runOnlyForDeploymentPostprocessing = 0;
			shellPath = /bin/sh;
			shellScript = "diff \"${PODS_PODFILE_DIR_PATH}/Podfile.lock\" \"${PODS_ROOT}/Manifest.lock\" > /dev/null\nif [ $? != 0 ] ; then\n    # print error to STDERR\n    echo \"error: The sandbox is not in sync with the Podfile.lock. Run 'pod install' or update your CocoaPods installation.\" >&2\n    exit 1\nfi\n# This output is used by Xcode 'outputs' to avoid re-running this script phase.\necho \"SUCCESS\" > \"${SCRIPT_OUTPUT_FILE_0}\"\n";
			showEnvVarsInLog = 0;
		};
		92E1AB5E588197C2E2AE8782 /* [CP] Embed Pods Frameworks */ = {
			isa = PBXShellScriptBuildPhase;
			buildActionMask = 2147483647;
			files = (
			);
			inputPaths = (
				"${SRCROOT}/Pods/Target Support Files/Pods-magpali-skip-vanhack/Pods-magpali-skip-vanhack-frameworks.sh",
				"${BUILT_PRODUCTS_DIR}/Alamofire/Alamofire.framework",
				"${BUILT_PRODUCTS_DIR}/Cartography/Cartography.framework",
				"${BUILT_PRODUCTS_DIR}/Moya/Moya.framework",
				"${BUILT_PRODUCTS_DIR}/R.swift.Library/Rswift.framework",
				"${BUILT_PRODUCTS_DIR}/Result/Result.framework",
				"${BUILT_PRODUCTS_DIR}/RxCocoa/RxCocoa.framework",
				"${BUILT_PRODUCTS_DIR}/RxSwift/RxSwift.framework",
			);
			name = "[CP] Embed Pods Frameworks";
			outputPaths = (
				"${TARGET_BUILD_DIR}/${FRAMEWORKS_FOLDER_PATH}/Alamofire.framework",
				"${TARGET_BUILD_DIR}/${FRAMEWORKS_FOLDER_PATH}/Cartography.framework",
				"${TARGET_BUILD_DIR}/${FRAMEWORKS_FOLDER_PATH}/Moya.framework",
				"${TARGET_BUILD_DIR}/${FRAMEWORKS_FOLDER_PATH}/Rswift.framework",
				"${TARGET_BUILD_DIR}/${FRAMEWORKS_FOLDER_PATH}/Result.framework",
				"${TARGET_BUILD_DIR}/${FRAMEWORKS_FOLDER_PATH}/RxCocoa.framework",
				"${TARGET_BUILD_DIR}/${FRAMEWORKS_FOLDER_PATH}/RxSwift.framework",
			);
			runOnlyForDeploymentPostprocessing = 0;
			shellPath = /bin/sh;
			shellScript = "\"${SRCROOT}/Pods/Target Support Files/Pods-magpali-skip-vanhack/Pods-magpali-skip-vanhack-frameworks.sh\"\n";
			showEnvVarsInLog = 0;
		};
/* End PBXShellScriptBuildPhase section */

/* Begin PBXSourcesBuildPhase section */
		5F7309B1205E98FB0090869E /* Sources */ = {
			isa = PBXSourcesBuildPhase;
			buildActionMask = 2147483647;
			files = (
				5F925F23205E9E89009BFBAC /* DefaultTarget.swift in Sources */,
				5F7A61ED205ED81100E2F21F /* ListStoresViewController.swift in Sources */,
				5F7A61F7205EE2B700E2F21F /* ListProductsViewModel.swift in Sources */,
				5F7A61FD205EE61500E2F21F /* ProductsTableViewCell.swift in Sources */,
				5F7A61F5205EE13D00E2F21F /* Product.swift in Sources */,
				5F7309B9205E98FB0090869E /* AppDelegate.swift in Sources */,
				5F7A6203205EEC8900E2F21F /* ValueFormat.swift in Sources */,
				5F925F38205EAF0E009BFBAC /* R.generated.swift in Sources */,
				5F7309C1205E98FB0090869E /* magpali_skip_vanhack.xcdatamodeld in Sources */,
				5F7A61F1205ED88B00E2F21F /* StoreTableViewCell.swift in Sources */,
				5F7A61E8205ECCDD00E2F21F /* ListStoresViewModel.swift in Sources */,
				5F7A61EB205ECD0600E2F21F /* BaseViewModel.swift in Sources */,
				5F925F2E205EA8FD009BFBAC /* ListCousineViewModel.swift in Sources */,
				5F7A6201205EEB6500E2F21F /* Colors.swift in Sources */,
				5F7A61E5205EC96E00E2F21F /* Store.swift in Sources */,
				5F925F28205EA100009BFBAC /* Cousine.swift in Sources */,
				5F925F2B205EA2D2009BFBAC /* ListCousineViewController.swift in Sources */,
				5F925F34205EAD50009BFBAC /* CousineTableViewCell.swift in Sources */,
				5F7A61F9205EE4CB00E2F21F /* ListProductsViewController.swift in Sources */,
				5F925F25205EA062009BFBAC /* APIClient.swift in Sources */,
			);
			runOnlyForDeploymentPostprocessing = 0;
		};
/* End PBXSourcesBuildPhase section */

/* Begin PBXVariantGroup section */
		5F7309C4205E98FB0090869E /* LaunchScreen.storyboard */ = {
			isa = PBXVariantGroup;
			children = (
				5F7309C5205E98FB0090869E /* Base */,
			);
			name = LaunchScreen.storyboard;
			sourceTree = "<group>";
		};
/* End PBXVariantGroup section */

/* Begin XCBuildConfiguration section */
		5F7309C8205E98FB0090869E /* Debug */ = {
			isa = XCBuildConfiguration;
			buildSettings = {
				ALWAYS_SEARCH_USER_PATHS = NO;
				CLANG_ANALYZER_NONNULL = YES;
				CLANG_ANALYZER_NUMBER_OBJECT_CONVERSION = YES_AGGRESSIVE;
				CLANG_CXX_LANGUAGE_STANDARD = "gnu++14";
				CLANG_CXX_LIBRARY = "libc++";
				CLANG_ENABLE_MODULES = YES;
				CLANG_ENABLE_OBJC_ARC = YES;
				CLANG_WARN_BLOCK_CAPTURE_AUTORELEASING = YES;
				CLANG_WARN_BOOL_CONVERSION = YES;
				CLANG_WARN_COMMA = YES;
				CLANG_WARN_CONSTANT_CONVERSION = YES;
				CLANG_WARN_DIRECT_OBJC_ISA_USAGE = YES_ERROR;
				CLANG_WARN_DOCUMENTATION_COMMENTS = YES;
				CLANG_WARN_EMPTY_BODY = YES;
				CLANG_WARN_ENUM_CONVERSION = YES;
				CLANG_WARN_INFINITE_RECURSION = YES;
				CLANG_WARN_INT_CONVERSION = YES;
				CLANG_WARN_NON_LITERAL_NULL_CONVERSION = YES;
				CLANG_WARN_OBJC_LITERAL_CONVERSION = YES;
				CLANG_WARN_OBJC_ROOT_CLASS = YES_ERROR;
				CLANG_WARN_RANGE_LOOP_ANALYSIS = YES;
				CLANG_WARN_STRICT_PROTOTYPES = YES;
				CLANG_WARN_SUSPICIOUS_MOVE = YES;
				CLANG_WARN_UNGUARDED_AVAILABILITY = YES_AGGRESSIVE;
				CLANG_WARN_UNREACHABLE_CODE = YES;
				CLANG_WARN__DUPLICATE_METHOD_MATCH = YES;
				CODE_SIGN_IDENTITY = "iPhone Developer";
				COPY_PHASE_STRIP = NO;
				DEBUG_INFORMATION_FORMAT = dwarf;
				ENABLE_STRICT_OBJC_MSGSEND = YES;
				ENABLE_TESTABILITY = YES;
				GCC_C_LANGUAGE_STANDARD = gnu11;
				GCC_DYNAMIC_NO_PIC = NO;
				GCC_NO_COMMON_BLOCKS = YES;
				GCC_OPTIMIZATION_LEVEL = 0;
				GCC_PREPROCESSOR_DEFINITIONS = (
					"DEBUG=1",
					"$(inherited)",
				);
				GCC_WARN_64_TO_32_BIT_CONVERSION = YES;
				GCC_WARN_ABOUT_RETURN_TYPE = YES_ERROR;
				GCC_WARN_UNDECLARED_SELECTOR = YES;
				GCC_WARN_UNINITIALIZED_AUTOS = YES_AGGRESSIVE;
				GCC_WARN_UNUSED_FUNCTION = YES;
				GCC_WARN_UNUSED_VARIABLE = YES;
				IPHONEOS_DEPLOYMENT_TARGET = 11.2;
				MTL_ENABLE_DEBUG_INFO = YES;
				ONLY_ACTIVE_ARCH = YES;
				SDKROOT = iphoneos;
				SWIFT_ACTIVE_COMPILATION_CONDITIONS = DEBUG;
				SWIFT_OPTIMIZATION_LEVEL = "-Onone";
			};
			name = Debug;
		};
		5F7309C9205E98FB0090869E /* Release */ = {
			isa = XCBuildConfiguration;
			buildSettings = {
				ALWAYS_SEARCH_USER_PATHS = NO;
				CLANG_ANALYZER_NONNULL = YES;
				CLANG_ANALYZER_NUMBER_OBJECT_CONVERSION = YES_AGGRESSIVE;
				CLANG_CXX_LANGUAGE_STANDARD = "gnu++14";
				CLANG_CXX_LIBRARY = "libc++";
				CLANG_ENABLE_MODULES = YES;
				CLANG_ENABLE_OBJC_ARC = YES;
				CLANG_WARN_BLOCK_CAPTURE_AUTORELEASING = YES;
				CLANG_WARN_BOOL_CONVERSION = YES;
				CLANG_WARN_COMMA = YES;
				CLANG_WARN_CONSTANT_CONVERSION = YES;
				CLANG_WARN_DIRECT_OBJC_ISA_USAGE = YES_ERROR;
				CLANG_WARN_DOCUMENTATION_COMMENTS = YES;
				CLANG_WARN_EMPTY_BODY = YES;
				CLANG_WARN_ENUM_CONVERSION = YES;
				CLANG_WARN_INFINITE_RECURSION = YES;
				CLANG_WARN_INT_CONVERSION = YES;
				CLANG_WARN_NON_LITERAL_NULL_CONVERSION = YES;
				CLANG_WARN_OBJC_LITERAL_CONVERSION = YES;
				CLANG_WARN_OBJC_ROOT_CLASS = YES_ERROR;
				CLANG_WARN_RANGE_LOOP_ANALYSIS = YES;
				CLANG_WARN_STRICT_PROTOTYPES = YES;
				CLANG_WARN_SUSPICIOUS_MOVE = YES;
				CLANG_WARN_UNGUARDED_AVAILABILITY = YES_AGGRESSIVE;
				CLANG_WARN_UNREACHABLE_CODE = YES;
				CLANG_WARN__DUPLICATE_METHOD_MATCH = YES;
				CODE_SIGN_IDENTITY = "iPhone Developer";
				COPY_PHASE_STRIP = NO;
				DEBUG_INFORMATION_FORMAT = "dwarf-with-dsym";
				ENABLE_NS_ASSERTIONS = NO;
				ENABLE_STRICT_OBJC_MSGSEND = YES;
				GCC_C_LANGUAGE_STANDARD = gnu11;
				GCC_NO_COMMON_BLOCKS = YES;
				GCC_WARN_64_TO_32_BIT_CONVERSION = YES;
				GCC_WARN_ABOUT_RETURN_TYPE = YES_ERROR;
				GCC_WARN_UNDECLARED_SELECTOR = YES;
				GCC_WARN_UNINITIALIZED_AUTOS = YES_AGGRESSIVE;
				GCC_WARN_UNUSED_FUNCTION = YES;
				GCC_WARN_UNUSED_VARIABLE = YES;
				IPHONEOS_DEPLOYMENT_TARGET = 11.2;
				MTL_ENABLE_DEBUG_INFO = NO;
				SDKROOT = iphoneos;
				SWIFT_OPTIMIZATION_LEVEL = "-Owholemodule";
				VALIDATE_PRODUCT = YES;
			};
			name = Release;
		};
		5F7309CB205E98FB0090869E /* Debug */ = {
			isa = XCBuildConfiguration;
			baseConfigurationReference = 889274647A87BC63C004AD7C /* Pods-magpali-skip-vanhack.debug.xcconfig */;
			buildSettings = {
				ASSETCATALOG_COMPILER_APPICON_NAME = AppIcon;
				CODE_SIGN_STYLE = Automatic;
				DEVELOPMENT_TEAM = 4YJ88HN4MY;
				INFOPLIST_FILE = "magpali-skip-vanhack/Info.plist";
				IPHONEOS_DEPLOYMENT_TARGET = 10.0;
				LD_RUNPATH_SEARCH_PATHS = "$(inherited) @executable_path/Frameworks";
				PRODUCT_BUNDLE_IDENTIFIER = "br.com.magpali.magpali-skip-vanhack";
				PRODUCT_NAME = "$(TARGET_NAME)";
				SWIFT_VERSION = 4.0;
				TARGETED_DEVICE_FAMILY = "1,2";
			};
			name = Debug;
		};
		5F7309CC205E98FB0090869E /* Release */ = {
			isa = XCBuildConfiguration;
			baseConfigurationReference = 5762E0ED714A9B5B06D85C5F /* Pods-magpali-skip-vanhack.release.xcconfig */;
			buildSettings = {
				ASSETCATALOG_COMPILER_APPICON_NAME = AppIcon;
				CODE_SIGN_STYLE = Automatic;
				DEVELOPMENT_TEAM = 4YJ88HN4MY;
				INFOPLIST_FILE = "magpali-skip-vanhack/Info.plist";
				IPHONEOS_DEPLOYMENT_TARGET = 10.0;
				LD_RUNPATH_SEARCH_PATHS = "$(inherited) @executable_path/Frameworks";
				PRODUCT_BUNDLE_IDENTIFIER = "br.com.magpali.magpali-skip-vanhack";
				PRODUCT_NAME = "$(TARGET_NAME)";
				SWIFT_VERSION = 4.0;
				TARGETED_DEVICE_FAMILY = "1,2";
			};
			name = Release;
		};
/* End XCBuildConfiguration section */

/* Begin XCConfigurationList section */
		5F7309B0205E98FB0090869E /* Build configuration list for PBXProject "magpali-skip-vanhack" */ = {
			isa = XCConfigurationList;
			buildConfigurations = (
				5F7309C8205E98FB0090869E /* Debug */,
				5F7309C9205E98FB0090869E /* Release */,
			);
			defaultConfigurationIsVisible = 0;
			defaultConfigurationName = Release;
		};
		5F7309CA205E98FB0090869E /* Build configuration list for PBXNativeTarget "magpali-skip-vanhack" */ = {
			isa = XCConfigurationList;
			buildConfigurations = (
				5F7309CB205E98FB0090869E /* Debug */,
				5F7309CC205E98FB0090869E /* Release */,
			);
			defaultConfigurationIsVisible = 0;
			defaultConfigurationName = Release;
		};
/* End XCConfigurationList section */

/* Begin XCVersionGroup section */
		5F7309BF205E98FB0090869E /* magpali_skip_vanhack.xcdatamodeld */ = {
			isa = XCVersionGroup;
			children = (
				5F7309C0205E98FB0090869E /* magpali_skip_vanhack.xcdatamodel */,
			);
			currentVersion = 5F7309C0205E98FB0090869E /* magpali_skip_vanhack.xcdatamodel */;
			path = magpali_skip_vanhack.xcdatamodeld;
			sourceTree = "<group>";
			versionGroupType = wrapper.xcdatamodel;
		};
/* End XCVersionGroup section */
	};
	rootObject = 5F7309AD205E98FB0090869E /* Project object */;
}
